// !$*UTF8*$!
{
	archiveVersion = 1;
	classes = {
	};
	objectVersion = 46;
	objects = {

/* Begin PBXBuildFile section */
		D734AE5E1DEC8CB100DDB30A /* AddCollegeViewController.swift in Sources */ = {isa = PBXBuildFile; fileRef = D734AE5D1DEC8CB100DDB30A /* AddCollegeViewController.swift */; };
		D73950E61DDF55FA00684117 /* AppDelegate.swift in Sources */ = {isa = PBXBuildFile; fileRef = D73950E51DDF55FA00684117 /* AppDelegate.swift */; };
		D73950E81DDF55FA00684117 /* ViewController.swift in Sources */ = {isa = PBXBuildFile; fileRef = D73950E71DDF55FA00684117 /* ViewController.swift */; };
		D73950EB1DDF55FA00684117 /* Main.storyboard in Resources */ = {isa = PBXBuildFile; fileRef = D73950E91DDF55FA00684117 /* Main.storyboard */; };
		D73950ED1DDF55FA00684117 /* Assets.xcassets in Resources */ = {isa = PBXBuildFile; fileRef = D73950EC1DDF55FA00684117 /* Assets.xcassets */; };
		D73950F01DDF55FA00684117 /* LaunchScreen.storyboard in Resources */ = {isa = PBXBuildFile; fileRef = D73950EE1DDF55FA00684117 /* LaunchScreen.storyboard */; };
		D7589D521E44E20000D33D03 /* Protocol.swift in Sources */ = {isa = PBXBuildFile; fileRef = D7589D511E44E20000D33D03 /* Protocol.swift */; };
		D76915661DDF57FD001B121D /* College.swift in Sources */ = {isa = PBXBuildFile; fileRef = D76915651DDF57FD001B121D /* College.swift */; };
		D78555961E576BCD00099EFF /* HelpViewController.swift in Sources */ = {isa = PBXBuildFile; fileRef = D78555951E576BCD00099EFF /* HelpViewController.swift */; };
		D78B958A1DE34FF6009EB527 /* collegeDetailedViewController.swift in Sources */ = {isa = PBXBuildFile; fileRef = D78B95891DE34FF6009EB527 /* collegeDetailedViewController.swift */; };
		D7A11DE11E43959F00014796 /* DatePickerViewController.swift in Sources */ = {isa = PBXBuildFile; fileRef = D7A11DE01E43959F00014796 /* DatePickerViewController.swift */; };
		D7B8D3451DFA04D600EA7E9D /* ApplyingToTableViewController.swift in Sources */ = {isa = PBXBuildFile; fileRef = D7B8D3441DFA04D600EA7E9D /* ApplyingToTableViewController.swift */; };
		D7BAB49C1DE4A7BB005BEFB1 /* arrayTransfer.swift in Sources */ = {isa = PBXBuildFile; fileRef = D7BAB49B1DE4A7BB005BEFB1 /* arrayTransfer.swift */; };
		D7E81A4C1DF1CED2009A5524 /* SWRevealViewController.m in Sources */ = {isa = PBXBuildFile; fileRef = D7E81A4B1DF1CED2009A5524 /* SWRevealViewController.m */; };
		D7E81A4E1DF1CF88009A5524 /* SideBarMenuViewController.swift in Sources */ = {isa = PBXBuildFile; fileRef = D7E81A4D1DF1CF88009A5524 /* SideBarMenuViewController.swift */; };
		D7F342021DEDDDA300B760DD /* EditCollegeViewController.swift in Sources */ = {isa = PBXBuildFile; fileRef = D7F342011DEDDDA300B760DD /* EditCollegeViewController.swift */; };
/* End PBXBuildFile section */

/* Begin PBXFileReference section */
		D734AE5D1DEC8CB100DDB30A /* AddCollegeViewController.swift */ = {isa = PBXFileReference; fileEncoding = 4; lastKnownFileType = sourcecode.swift; path = AddCollegeViewController.swift; sourceTree = "<group>"; };
		D73950E21DDF55FA00684117 /* CollegePlanner.app */ = {isa = PBXFileReference; explicitFileType = wrapper.application; includeInIndex = 0; path = CollegePlanner.app; sourceTree = BUILT_PRODUCTS_DIR; };
		D73950E51DDF55FA00684117 /* AppDelegate.swift */ = {isa = PBXFileReference; lastKnownFileType = sourcecode.swift; path = AppDelegate.swift; sourceTree = "<group>"; };
		D73950E71DDF55FA00684117 /* ViewController.swift */ = {isa = PBXFileReference; lastKnownFileType = sourcecode.swift; path = ViewController.swift; sourceTree = "<group>"; };
		D73950EA1DDF55FA00684117 /* Base */ = {isa = PBXFileReference; lastKnownFileType = file.storyboard; name = Base; path = Base.lproj/Main.storyboard; sourceTree = "<group>"; };
		D73950EC1DDF55FA00684117 /* Assets.xcassets */ = {isa = PBXFileReference; lastKnownFileType = folder.assetcatalog; path = Assets.xcassets; sourceTree = "<group>"; };
		D73950EF1DDF55FA00684117 /* Base */ = {isa = PBXFileReference; lastKnownFileType = file.storyboard; name = Base; path = Base.lproj/LaunchScreen.storyboard; sourceTree = "<group>"; };
		D73950F11DDF55FA00684117 /* Info.plist */ = {isa = PBXFileReference; lastKnownFileType = text.plist.xml; path = Info.plist; sourceTree = "<group>"; };
		D7589D511E44E20000D33D03 /* Protocol.swift */ = {isa = PBXFileReference; fileEncoding = 4; lastKnownFileType = sourcecode.swift; path = Protocol.swift; sourceTree = "<group>"; };
		D76915651DDF57FD001B121D /* College.swift */ = {isa = PBXFileReference; fileEncoding = 4; lastKnownFileType = sourcecode.swift; path = College.swift; sourceTree = "<group>"; };
		D78555951E576BCD00099EFF /* HelpViewController.swift */ = {isa = PBXFileReference; fileEncoding = 4; lastKnownFileType = sourcecode.swift; path = HelpViewController.swift; sourceTree = "<group>"; };
		D78B95891DE34FF6009EB527 /* collegeDetailedViewController.swift */ = {isa = PBXFileReference; fileEncoding = 4; lastKnownFileType = sourcecode.swift; path = collegeDetailedViewController.swift; sourceTree = "<group>"; };
		D7A11DE01E43959F00014796 /* DatePickerViewController.swift */ = {isa = PBXFileReference; fileEncoding = 4; lastKnownFileType = sourcecode.swift; name = DatePickerViewController.swift; path = ../DatePickerViewController.swift; sourceTree = "<group>"; };
		D7B8D3441DFA04D600EA7E9D /* ApplyingToTableViewController.swift */ = {isa = PBXFileReference; fileEncoding = 4; lastKnownFileType = sourcecode.swift; path = ApplyingToTableViewController.swift; sourceTree = "<group>"; };
		D7BAB49B1DE4A7BB005BEFB1 /* arrayTransfer.swift */ = {isa = PBXFileReference; fileEncoding = 4; lastKnownFileType = sourcecode.swift; path = arrayTransfer.swift; sourceTree = "<group>"; };
		D7E81A491DF1CED1009A5524 /* CollegePlanner-Bridging-Header.h */ = {isa = PBXFileReference; lastKnownFileType = sourcecode.c.h; path = "CollegePlanner-Bridging-Header.h"; sourceTree = "<group>"; };
		D7E81A4A1DF1CED2009A5524 /* SWRevealViewController.h */ = {isa = PBXFileReference; fileEncoding = 4; lastKnownFileType = sourcecode.c.h; path = SWRevealViewController.h; sourceTree = "<group>"; };
		D7E81A4B1DF1CED2009A5524 /* SWRevealViewController.m */ = {isa = PBXFileReference; fileEncoding = 4; lastKnownFileType = sourcecode.c.objc; path = SWRevealViewController.m; sourceTree = "<group>"; };
		D7E81A4D1DF1CF88009A5524 /* SideBarMenuViewController.swift */ = {isa = PBXFileReference; fileEncoding = 4; lastKnownFileType = sourcecode.swift; path = SideBarMenuViewController.swift; sourceTree = "<group>"; };
		D7F342011DEDDDA300B760DD /* EditCollegeViewController.swift */ = {isa = PBXFileReference; fileEncoding = 4; lastKnownFileType = sourcecode.swift; path = EditCollegeViewController.swift; sourceTree = "<group>"; };
/* End PBXFileReference section */

/* Begin PBXFrameworksBuildPhase section */
		D73950DF1DDF55FA00684117 /* Frameworks */ = {
			isa = PBXFrameworksBuildPhase;
			buildActionMask = 2147483647;
			files = (
			);
			runOnlyForDeploymentPostprocessing = 0;
		};
/* End PBXFrameworksBuildPhase section */

/* Begin PBXGroup section */
		D73950D91DDF55FA00684117 = {
			isa = PBXGroup;
			children = (
				D7E81A481DF1CE89009A5524 /* SWReveal */,
				D73950E41DDF55FA00684117 /* CollegePlanner */,
				D73950E31DDF55FA00684117 /* Products */,
			);
			sourceTree = "<group>";
		};
		D73950E31DDF55FA00684117 /* Products */ = {
			isa = PBXGroup;
			children = (
				D73950E21DDF55FA00684117 /* CollegePlanner.app */,
			);
			name = Products;
			sourceTree = "<group>";
		};
		D73950E41DDF55FA00684117 /* CollegePlanner */ = {
			isa = PBXGroup;
			children = (
				D73950E51DDF55FA00684117 /* AppDelegate.swift */,
				D73950E71DDF55FA00684117 /* ViewController.swift */,
				D73950E91DDF55FA00684117 /* Main.storyboard */,
				D78555951E576BCD00099EFF /* HelpViewController.swift */,
				D7589D511E44E20000D33D03 /* Protocol.swift */,
				D7B8D3441DFA04D600EA7E9D /* ApplyingToTableViewController.swift */,
				D7E81A4D1DF1CF88009A5524 /* SideBarMenuViewController.swift */,
				D76915651DDF57FD001B121D /* College.swift */,
				D78B95891DE34FF6009EB527 /* collegeDetailedViewController.swift */,
				D7F342011DEDDDA300B760DD /* EditCollegeViewController.swift */,
				D734AE5D1DEC8CB100DDB30A /* AddCollegeViewController.swift */,
				D7A11DE01E43959F00014796 /* DatePickerViewController.swift */,
				D7BAB49B1DE4A7BB005BEFB1 /* arrayTransfer.swift */,
				D73950EC1DDF55FA00684117 /* Assets.xcassets */,
				D73950EE1DDF55FA00684117 /* LaunchScreen.storyboard */,
				D73950F11DDF55FA00684117 /* Info.plist */,
			);
			path = CollegePlanner;
			sourceTree = "<group>";
		};
		D7E81A481DF1CE89009A5524 /* SWReveal */ = {
			isa = PBXGroup;
			children = (
				D7E81A4A1DF1CED2009A5524 /* SWRevealViewController.h */,
				D7E81A4B1DF1CED2009A5524 /* SWRevealViewController.m */,
				D7E81A491DF1CED1009A5524 /* CollegePlanner-Bridging-Header.h */,
			);
			name = SWReveal;
			sourceTree = "<group>";
		};
/* End PBXGroup section */

/* Begin PBXNativeTarget section */
		D73950E11DDF55FA00684117 /* CollegePlanner */ = {
			isa = PBXNativeTarget;
			buildConfigurationList = D73950F41DDF55FA00684117 /* Build configuration list for PBXNativeTarget "CollegePlanner" */;
			buildPhases = (
				D73950DE1DDF55FA00684117 /* Sources */,
				D73950DF1DDF55FA00684117 /* Frameworks */,
				D73950E01DDF55FA00684117 /* Resources */,
			);
			buildRules = (
			);
			dependencies = (
			);
			name = CollegePlanner;
			productName = CollegePlanner;
			productReference = D73950E21DDF55FA00684117 /* CollegePlanner.app */;
			productType = "com.apple.product-type.application";
		};
/* End PBXNativeTarget section */

/* Begin PBXProject section */
		D73950DA1DDF55FA00684117 /* Project object */ = {
			isa = PBXProject;
			attributes = {
				LastSwiftUpdateCheck = 0810;
				LastUpgradeCheck = 0810;
				ORGANIZATIONNAME = "John Hersey High School";
				TargetAttributes = {
					D73950E11DDF55FA00684117 = {
						CreatedOnToolsVersion = 8.1;
						LastSwiftMigration = 0810;
						ProvisioningStyle = Automatic;
					};
				};
			};
			buildConfigurationList = D73950DD1DDF55FA00684117 /* Build configuration list for PBXProject "CollegePlanner" */;
			compatibilityVersion = "Xcode 3.2";
			developmentRegion = English;
			hasScannedForEncodings = 0;
			knownRegions = (
				en,
				Base,
			);
			mainGroup = D73950D91DDF55FA00684117;
			productRefGroup = D73950E31DDF55FA00684117 /* Products */;
			projectDirPath = "";
			projectRoot = "";
			targets = (
				D73950E11DDF55FA00684117 /* CollegePlanner */,
			);
		};
/* End PBXProject section */

/* Begin PBXResourcesBuildPhase section */
		D73950E01DDF55FA00684117 /* Resources */ = {
			isa = PBXResourcesBuildPhase;
			buildActionMask = 2147483647;
			files = (
				D73950F01DDF55FA00684117 /* LaunchScreen.storyboard in Resources */,
				D73950ED1DDF55FA00684117 /* Assets.xcassets in Resources */,
				D73950EB1DDF55FA00684117 /* Main.storyboard in Resources */,
			);
			runOnlyForDeploymentPostprocessing = 0;
		};
/* End PBXResourcesBuildPhase section */

/* Begin PBXSourcesBuildPhase section */
		D73950DE1DDF55FA00684117 /* Sources */ = {
			isa = PBXSourcesBuildPhase;
			buildActionMask = 2147483647;
			files = (
				D78B958A1DE34FF6009EB527 /* collegeDetailedViewController.swift in Sources */,
				D73950E81DDF55FA00684117 /* ViewController.swift in Sources */,
				D7BAB49C1DE4A7BB005BEFB1 /* arrayTransfer.swift in Sources */,
				D78555961E576BCD00099EFF /* HelpViewController.swift in Sources */,
				D7E81A4E1DF1CF88009A5524 /* SideBarMenuViewController.swift in Sources */,
				D7A11DE11E43959F00014796 /* DatePickerViewController.swift in Sources */,
				D7B8D3451DFA04D600EA7E9D /* ApplyingToTableViewController.swift in Sources */,
				D7E81A4C1DF1CED2009A5524 /* SWRevealViewController.m in Sources */,
				D73950E61DDF55FA00684117 /* AppDelegate.swift in Sources */,
				D7F342021DEDDDA300B760DD /* EditCollegeViewController.swift in Sources */,
				D734AE5E1DEC8CB100DDB30A /* AddCollegeViewController.swift in Sources */,
				D76915661DDF57FD001B121D /* College.swift in Sources */,
				D7589D521E44E20000D33D03 /* Protocol.swift in Sources */,
			);
			runOnlyForDeploymentPostprocessing = 0;
		};
/* End PBXSourcesBuildPhase section */

/* Begin PBXVariantGroup section */
		D73950E91DDF55FA00684117 /* Main.storyboard */ = {
			isa = PBXVariantGroup;
			children = (
				D73950EA1DDF55FA00684117 /* Base */,
			);
			name = Main.storyboard;
			sourceTree = "<group>";
		};
		D73950EE1DDF55FA00684117 /* LaunchScreen.storyboard */ = {
			isa = PBXVariantGroup;
			children = (
				D73950EF1DDF55FA00684117 /* Base */,
			);
			name = LaunchScreen.storyboard;
			sourceTree = "<group>";
		};
/* End PBXVariantGroup section */

/* Begin XCBuildConfiguration section */
		D73950F21DDF55FA00684117 /* Debug */ = {
			isa = XCBuildConfiguration;
			buildSettings = {
				ALWAYS_SEARCH_USER_PATHS = NO;
				CLANG_ANALYZER_NONNULL = YES;
				CLANG_CXX_LANGUAGE_STANDARD = "gnu++0x";
				CLANG_CXX_LIBRARY = "libc++";
				CLANG_ENABLE_MODULES = YES;
				CLANG_ENABLE_OBJC_ARC = YES;
				CLANG_WARN_BOOL_CONVERSION = YES;
				CLANG_WARN_CONSTANT_CONVERSION = YES;
				CLANG_WARN_DIRECT_OBJC_ISA_USAGE = YES_ERROR;
				CLANG_WARN_DOCUMENTATION_COMMENTS = YES;
				CLANG_WARN_EMPTY_BODY = YES;
				CLANG_WARN_ENUM_CONVERSION = YES;
				CLANG_WARN_INFINITE_RECURSION = YES;
				CLANG_WARN_INT_CONVERSION = YES;
				CLANG_WARN_OBJC_ROOT_CLASS = YES_ERROR;
				CLANG_WARN_SUSPICIOUS_MOVES = YES;
				CLANG_WARN_UNREACHABLE_CODE = YES;
				CLANG_WARN__DUPLICATE_METHOD_MATCH = YES;
				"CODE_SIGN_IDENTITY[sdk=iphoneos*]" = "iPhone Developer";
				COPY_PHASE_STRIP = NO;
				DEBUG_INFORMATION_FORMAT = dwarf;
				ENABLE_STRICT_OBJC_MSGSEND = YES;
				ENABLE_TESTABILITY = YES;
				GCC_C_LANGUAGE_STANDARD = gnu99;
				GCC_DYNAMIC_NO_PIC = NO;
				GCC_NO_COMMON_BLOCKS = YES;
				GCC_OPTIMIZATION_LEVEL = 0;
				GCC_PREPROCESSOR_DEFINITIONS = (
					"DEBUG=1",
					"$(inherited)",
				);
				GCC_WARN_64_TO_32_BIT_CONVERSION = YES;
				GCC_WARN_ABOUT_RETURN_TYPE = YES_ERROR;
				GCC_WARN_UNDECLARED_SELECTOR = YES;
				GCC_WARN_UNINITIALIZED_AUTOS = YES_AGGRESSIVE;
				GCC_WARN_UNUSED_FUNCTION = YES;
				GCC_WARN_UNUSED_VARIABLE = YES;
				IPHONEOS_DEPLOYMENT_TARGET = 10.1;
				MTL_ENABLE_DEBUG_INFO = YES;
				ONLY_ACTIVE_ARCH = YES;
				SDKROOT = iphoneos;
				SWIFT_ACTIVE_COMPILATION_CONDITIONS = DEBUG;
				SWIFT_OPTIMIZATION_LEVEL = "-Onone";
				TARGETED_DEVICE_FAMILY = "1,2";
			};
			name = Debug;
		};
		D73950F31DDF55FA00684117 /* Release */ = {
			isa = XCBuildConfiguration;
			buildSettings = {
				ALWAYS_SEARCH_USER_PATHS = NO;
				CLANG_ANALYZER_NONNULL = YES;
				CLANG_CXX_LANGUAGE_STANDARD = "gnu++0x";
				CLANG_CXX_LIBRARY = "libc++";
				CLANG_ENABLE_MODULES = YES;
				CLANG_ENABLE_OBJC_ARC = YES;
				CLANG_WARN_BOOL_CONVERSION = YES;
				CLANG_WARN_CONSTANT_CONVERSION = YES;
				CLANG_WARN_DIRECT_OBJC_ISA_USAGE = YES_ERROR;
				CLANG_WARN_DOCUMENTATION_COMMENTS = YES;
				CLANG_WARN_EMPTY_BODY = YES;
				CLANG_WARN_ENUM_CONVERSION = YES;
				CLANG_WARN_INFINITE_RECURSION = YES;
				CLANG_WARN_INT_CONVERSION = YES;
				CLANG_WARN_OBJC_ROOT_CLASS = YES_ERROR;
				CLANG_WARN_SUSPICIOUS_MOVES = YES;
				CLANG_WARN_UNREACHABLE_CODE = YES;
				CLANG_WARN__DUPLICATE_METHOD_MATCH = YES;
				"CODE_SIGN_IDENTITY[sdk=iphoneos*]" = "iPhone Developer";
				COPY_PHASE_STRIP = NO;
				DEBUG_INFORMATION_FORMAT = "dwarf-with-dsym";
				ENABLE_NS_ASSERTIONS = NO;
				ENABLE_STRICT_OBJC_MSGSEND = YES;
				GCC_C_LANGUAGE_STANDARD = gnu99;
				GCC_NO_COMMON_BLOCKS = YES;
				GCC_WARN_64_TO_32_BIT_CONVERSION = YES;
				GCC_WARN_ABOUT_RETURN_TYPE = YES_ERROR;
				GCC_WARN_UNDECLARED_SELECTOR = YES;
				GCC_WARN_UNINITIALIZED_AUTOS = YES_AGGRESSIVE;
				GCC_WARN_UNUSED_FUNCTION = YES;
				GCC_WARN_UNUSED_VARIABLE = YES;
				IPHONEOS_DEPLOYMENT_TARGET = 10.1;
				MTL_ENABLE_DEBUG_INFO = NO;
				SDKROOT = iphoneos;
				SWIFT_OPTIMIZATION_LEVEL = "-Owholemodule";
				TARGETED_DEVICE_FAMILY = "1,2";
				VALIDATE_PRODUCT = YES;
			};
			name = Release;
		};
		D73950F51DDF55FA00684117 /* Debug */ = {
			isa = XCBuildConfiguration;
			buildSettings = {
				ASSETCATALOG_COMPILER_APPICON_NAME = AppIcon;
				CLANG_ENABLE_MODULES = YES;
				INFOPLIST_FILE = CollegePlanner/Info.plist;
				LD_RUNPATH_SEARCH_PATHS = "$(inherited) @executable_path/Frameworks";
				PRODUCT_BUNDLE_IDENTIFIER = org.jhhs.617413.CollegePlanner;
				PRODUCT_NAME = "$(TARGET_NAME)";
				SWIFT_OBJC_BRIDGING_HEADER = "CollegePlanner-Bridging-Header.h";
				SWIFT_OPTIMIZATION_LEVEL = "-Onone";
				SWIFT_VERSION = 3.0;
			};
			name = Debug;
		};
		D73950F61DDF55FA00684117 /* Release */ = {
			isa = XCBuildConfiguration;
			buildSettings = {
				ASSETCATALOG_COMPILER_APPICON_NAME = AppIcon;
				CLANG_ENABLE_MODULES = YES;
				INFOPLIST_FILE = CollegePlanner/Info.plist;
				LD_RUNPATH_SEARCH_PATHS = "$(inherited) @executable_path/Frameworks";
				PRODUCT_BUNDLE_IDENTIFIER = org.jhhs.617413.CollegePlanner;
				PRODUCT_NAME = "$(TARGET_NAME)";
				SWIFT_OBJC_BRIDGING_HEADER = "CollegePlanner-Bridging-Header.h";
				SWIFT_VERSION = 3.0;
			};
			name = Release;
		};
/* End XCBuildConfiguration section */

/* Begin XCConfigurationList section */
		D73950DD1DDF55FA00684117 /* Build configuration list for PBXProject "CollegePlanner" */ = {
			isa = XCConfigurationList;
			buildConfigurations = (
				D73950F21DDF55FA00684117 /* Debug */,
				D73950F31DDF55FA00684117 /* Release */,
			);
			defaultConfigurationIsVisible = 0;
			defaultConfigurationName = Release;
		};
		D73950F41DDF55FA00684117 /* Build configuration list for PBXNativeTarget "CollegePlanner" */ = {
			isa = XCConfigurationList;
			buildConfigurations = (
				D73950F51DDF55FA00684117 /* Debug */,
				D73950F61DDF55FA00684117 /* Release */,
			);
			defaultConfigurationIsVisible = 0;
			defaultConfigurationName = Release;
		};
/* End XCConfigurationList section */
	};
	rootObject = D73950DA1DDF55FA00684117 /* Project object */;
}
